
Microsoft Visual Studio Solution File, Format Version 12.00
# Visual Studio Version 16
VisualStudioVersion = 16.0.29102.190
MinimumVisualStudioVersion = 10.0.40219.1
Project("{9A19103F-16F7-4668-BE54-9A1E7A4F7556}") = "SFA.DAS.Zendesk.Monitor", "SFA.DAS.Zendesk.Monitor\SFA.DAS.Zendesk.Monitor.csproj", "{31DDC267-88ED-4926-973E-359D44BFA4DE}"
EndProject
Project("{9A19103F-16F7-4668-BE54-9A1E7A4F7556}") = "SFA.DAS.Zendesk.Monitor.UserAcceptanceTests", "SFA.DAS.Zendesk.Monitor.UserAcceptanceTests\SFA.DAS.Zendesk.Monitor.UserAcceptanceTests.csproj", "{2D01C9C7-A4AD-4DB7-9D8D-638EBD3AEC89}"
EndProject
Project("{9A19103F-16F7-4668-BE54-9A1E7A4F7556}") = "SFA.DAS.Zendesk.Monitor.UnitTests", "SFA.DAS.Zendesk.Monitor.UnitTests\SFA.DAS.Zendesk.Monitor.UnitTests.csproj", "{FF0041DA-5838-42E7-9D54-626170D17FEB}"
EndProject
Project("{9A19103F-16F7-4668-BE54-9A1E7A4F7556}") = "SFA.DAS.Zendesk.Monitor.Function", "SFA.DAS.Zendesk.Monitor.Function\SFA.DAS.Zendesk.Monitor.Function.csproj", "{8DAC2D89-01B4-4D5C-ABA1-13DDBD0060D4}"
EndProject
Global
	GlobalSection(SolutionConfigurationPlatforms) = preSolution
		Debug|Any CPU = Debug|Any CPU
		Release|Any CPU = Release|Any CPU
	EndGlobalSection
	GlobalSection(ProjectConfigurationPlatforms) = postSolution
		{31DDC267-88ED-4926-973E-359D44BFA4DE}.Debug|Any CPU.ActiveCfg = Debug|Any CPU
		{31DDC267-88ED-4926-973E-359D44BFA4DE}.Debug|Any CPU.Build.0 = Debug|Any CPU
		{31DDC267-88ED-4926-973E-359D44BFA4DE}.Release|Any CPU.ActiveCfg = Release|Any CPU
		{31DDC267-88ED-4926-973E-359D44BFA4DE}.Release|Any CPU.Build.0 = Release|Any CPU
		{2D01C9C7-A4AD-4DB7-9D8D-638EBD3AEC89}.Debug|Any CPU.ActiveCfg = Debug|Any CPU
		{2D01C9C7-A4AD-4DB7-9D8D-638EBD3AEC89}.Debug|Any CPU.Build.0 = Debug|Any CPU
		{2D01C9C7-A4AD-4DB7-9D8D-638EBD3AEC89}.Release|Any CPU.ActiveCfg = Release|Any CPU
		{2D01C9C7-A4AD-4DB7-9D8D-638EBD3AEC89}.Release|Any CPU.Build.0 = Release|Any CPU
		{FF0041DA-5838-42E7-9D54-626170D17FEB}.Debug|Any CPU.ActiveCfg = Debug|Any CPU
		{FF0041DA-5838-42E7-9D54-626170D17FEB}.Debug|Any CPU.Build.0 = Debug|Any CPU
		{FF0041DA-5838-42E7-9D54-626170D17FEB}.Release|Any CPU.ActiveCfg = Release|Any CPU
		{FF0041DA-5838-42E7-9D54-626170D17FEB}.Release|Any CPU.Build.0 = Release|Any CPU
		{8DAC2D89-01B4-4D5C-ABA1-13DDBD0060D4}.Debug|Any CPU.ActiveCfg = Debug|Any CPU
		{8DAC2D89-01B4-4D5C-ABA1-13DDBD0060D4}.Debug|Any CPU.Build.0 = Debug|Any CPU
		{8DAC2D89-01B4-4D5C-ABA1-13DDBD0060D4}.Release|Any CPU.ActiveCfg = Release|Any CPU
		{8DAC2D89-01B4-4D5C-ABA1-13DDBD0060D4}.Release|Any CPU.Build.0 = Release|Any CPU
	EndGlobalSection
	GlobalSection(SolutionProperties) = preSolution
		HideSolutionNode = FALSE
	EndGlobalSection
	GlobalSection(ExtensibilityGlobals) = postSolution
		SolutionGuid = {78613732-87F0-461F-98A5-1FD0E80A1C3B}
	EndGlobalSection
EndGlobal
